// !$*UTF8*$!
{
	archiveVersion = 1;
	classes = {
	};
	objectVersion = 56;
	objects = {

/* Begin PBXBuildFile section */
		1A226C062C8203E9008CF58B /* ActorDetailController.swift in Sources */ = {isa = PBXBuildFile; fileRef = 1A226C052C8203E9008CF58B /* ActorDetailController.swift */; };
		1A226C0A2C82165B008CF58B /* ActorDetailViewModel.swift in Sources */ = {isa = PBXBuildFile; fileRef = 1A226C092C82165B008CF58B /* ActorDetailViewModel.swift */; };
		1A2D43F02C6CB0970010F5A2 /* HomeViewModel.swift in Sources */ = {isa = PBXBuildFile; fileRef = 1A2D43EF2C6CB0970010F5A2 /* HomeViewModel.swift */; };
		1A2D43F22C6CB0AA0010F5A2 /* HomeController.swift in Sources */ = {isa = PBXBuildFile; fileRef = 1A2D43F12C6CB0AA0010F5A2 /* HomeController.swift */; };
		1A2D43F42C6CB0D50010F5A2 /* LoginController.swift in Sources */ = {isa = PBXBuildFile; fileRef = 1A2D43F32C6CB0D50010F5A2 /* LoginController.swift */; };
		1A2D43F62C6CB0DE0010F5A2 /* LoginViewModel.swift in Sources */ = {isa = PBXBuildFile; fileRef = 1A2D43F52C6CB0DE0010F5A2 /* LoginViewModel.swift */; };
		1A2D43FD2C6CB3B80010F5A2 /* ActorsController.swift in Sources */ = {isa = PBXBuildFile; fileRef = 1A2D43FC2C6CB3B70010F5A2 /* ActorsController.swift */; };
		1A2D43FF2C6CB3D20010F5A2 /* RegisterController.swift in Sources */ = {isa = PBXBuildFile; fileRef = 1A2D43FE2C6CB3D20010F5A2 /* RegisterController.swift */; };
		1A2D44012C6CB3DC0010F5A2 /* RegisterViewModel.swift in Sources */ = {isa = PBXBuildFile; fileRef = 1A2D44002C6CB3DC0010F5A2 /* RegisterViewModel.swift */; };
		1A2D44032C6CB3F10010F5A2 /* ActorsViewModel.swift in Sources */ = {isa = PBXBuildFile; fileRef = 1A2D44022C6CB3F10010F5A2 /* ActorsViewModel.swift */; };
		1A2D44052C6CB3FE0010F5A2 /* TvShowsViewModel.swift in Sources */ = {isa = PBXBuildFile; fileRef = 1A2D44042C6CB3FE0010F5A2 /* TvShowsViewModel.swift */; };
		1A2D44072C6CB40E0010F5A2 /* TvShowsController.swift in Sources */ = {isa = PBXBuildFile; fileRef = 1A2D44062C6CB40E0010F5A2 /* TvShowsController.swift */; };
		1A2D44092C6CB41B0010F5A2 /* SearchController.swift in Sources */ = {isa = PBXBuildFile; fileRef = 1A2D44082C6CB41B0010F5A2 /* SearchController.swift */; };
		1A2D440B2C6CB4240010F5A2 /* SearchViewModel.swift in Sources */ = {isa = PBXBuildFile; fileRef = 1A2D440A2C6CB4240010F5A2 /* SearchViewModel.swift */; };
		1A2D44132C6CB4E00010F5A2 /* ProfileViewModel.swift in Sources */ = {isa = PBXBuildFile; fileRef = 1A2D44122C6CB4E00010F5A2 /* ProfileViewModel.swift */; };
		1A2D44152C6CB4EB0010F5A2 /* ProfileController.swift in Sources */ = {isa = PBXBuildFile; fileRef = 1A2D44142C6CB4EB0010F5A2 /* ProfileController.swift */; };
		1A44977D2C72FF5300118938 /* ActorEndpoint.swift in Sources */ = {isa = PBXBuildFile; fileRef = 1A44977C2C72FF5300118938 /* ActorEndpoint.swift */; };
		1A44977F2C72FF6300118938 /* ActorManager.swift in Sources */ = {isa = PBXBuildFile; fileRef = 1A44977E2C72FF6300118938 /* ActorManager.swift */; };
		1A4497812C72FF7C00118938 /* ActorMovieManager.swift in Sources */ = {isa = PBXBuildFile; fileRef = 1A4497802C72FF7C00118938 /* ActorMovieManager.swift */; };
		1A4497842C72FFEB00118938 /* MovieListUseCase.swift in Sources */ = {isa = PBXBuildFile; fileRef = 1A4497832C72FFEB00118938 /* MovieListUseCase.swift */; };
		1A4497862C73001500118938 /* MovieManager.swift in Sources */ = {isa = PBXBuildFile; fileRef = 1A4497852C73001500118938 /* MovieManager.swift */; };
		1A4497882C73002B00118938 /* MovieEndpoint.swift in Sources */ = {isa = PBXBuildFile; fileRef = 1A4497872C73002B00118938 /* MovieEndpoint.swift */; };
		1A44978B2C73023900118938 /* HomeCoordinator.swift in Sources */ = {isa = PBXBuildFile; fileRef = 1A44978A2C73023900118938 /* HomeCoordinator.swift */; };
		1A44978D2C73024900118938 /* ActorsCoordinator.swift in Sources */ = {isa = PBXBuildFile; fileRef = 1A44978C2C73024900118938 /* ActorsCoordinator.swift */; };
		1A602C402C96F9E700CEB0E4 /* ListViewModel.swift in Sources */ = {isa = PBXBuildFile; fileRef = 1A602C3F2C96F9E700CEB0E4 /* ListViewModel.swift */; };
		1A7DA6A12CB529AA0088E52A /* GoogleService-Info.plist in Resources */ = {isa = PBXBuildFile; fileRef = 1A7DA6A02CB529AA0088E52A /* GoogleService-Info.plist */; };
		1A7DA6A42CB52DAE0088E52A /* FirebaseAuth in Frameworks */ = {isa = PBXBuildFile; productRef = 1A7DA6A32CB52DAE0088E52A /* FirebaseAuth */; };
		1A7DA6A62CB52DAE0088E52A /* FirebaseCrashlytics in Frameworks */ = {isa = PBXBuildFile; productRef = 1A7DA6A52CB52DAE0088E52A /* FirebaseCrashlytics */; };
		1A7DA6A82CB52DAE0088E52A /* FirebaseDatabase in Frameworks */ = {isa = PBXBuildFile; productRef = 1A7DA6A72CB52DAE0088E52A /* FirebaseDatabase */; };
		1A7DA6AA2CB52DAE0088E52A /* FirebaseFirestore in Frameworks */ = {isa = PBXBuildFile; productRef = 1A7DA6A92CB52DAE0088E52A /* FirebaseFirestore */; };
		1A7DA6AC2CB52DAE0088E52A /* FirebaseStorage in Frameworks */ = {isa = PBXBuildFile; productRef = 1A7DA6AB2CB52DAE0088E52A /* FirebaseStorage */; };
		1A8393F92C8B617C0034456E /* SearchEndpoint.swift in Sources */ = {isa = PBXBuildFile; fileRef = 1A8393F82C8B617C0034456E /* SearchEndpoint.swift */; };
		1A8393FB2C8B61890034456E /* SearchManager.swift in Sources */ = {isa = PBXBuildFile; fileRef = 1A8393FA2C8B61890034456E /* SearchManager.swift */; };
		1A93D06B2C86E6F7002F553E /* MovieDetailManager.swift in Sources */ = {isa = PBXBuildFile; fileRef = 1A93D06A2C86E6F7002F553E /* MovieDetailManager.swift */; };
		1A93D06F2C874805002F553E /* SearchCell.xib in Resources */ = {isa = PBXBuildFile; fileRef = 1A93D06E2C874805002F553E /* SearchCell.xib */; };
		1A93D0702C874805002F553E /* SearchCell.swift in Sources */ = {isa = PBXBuildFile; fileRef = 1A93D06D2C874805002F553E /* SearchCell.swift */; };
		1A93D0742C874D46002F553E /* TvShowDetailViewModel.swift in Sources */ = {isa = PBXBuildFile; fileRef = 1A93D0732C874D46002F553E /* TvShowDetailViewModel.swift */; };
		1A93D0762C874E9D002F553E /* ActorDetailManager.swift in Sources */ = {isa = PBXBuildFile; fileRef = 1A93D0752C874E9D002F553E /* ActorDetailManager.swift */; };
		1A93D0782C8778BF002F553E /* ActorDetailCoordinator.swift in Sources */ = {isa = PBXBuildFile; fileRef = 1A93D0772C8778BF002F553E /* ActorDetailCoordinator.swift */; };
		1A93D07A2C8784A9002F553E /* TvShowDetailController.swift in Sources */ = {isa = PBXBuildFile; fileRef = 1A93D0792C8784A9002F553E /* TvShowDetailController.swift */; };
		1A93D0802C87A0EE002F553E /* TvShowDetailManager.swift in Sources */ = {isa = PBXBuildFile; fileRef = 1A93D07F2C87A0EE002F553E /* TvShowDetailManager.swift */; };
		1A93D0842C87A934002F553E /* TvShowDetailCoordinator.swift in Sources */ = {isa = PBXBuildFile; fileRef = 1A93D0832C87A934002F553E /* TvShowDetailCoordinator.swift */; };
		1A9D94182CB9707900C35600 /* MovieDetailCell.xib in Resources */ = {isa = PBXBuildFile; fileRef = 1A9D94172CB9707900C35600 /* MovieDetailCell.xib */; };
		1A9D94192CB9707900C35600 /* MovieDetailCell.swift in Sources */ = {isa = PBXBuildFile; fileRef = 1A9D94162CB9707900C35600 /* MovieDetailCell.swift */; };
		1A9D941C2CB9760D00C35600 /* MovieDetailReviewCell.xib in Resources */ = {isa = PBXBuildFile; fileRef = 1A9D941B2CB9760D00C35600 /* MovieDetailReviewCell.xib */; };
		1A9D941D2CB9760D00C35600 /* MovieDetailReviewCell.swift in Sources */ = {isa = PBXBuildFile; fileRef = 1A9D941A2CB9760D00C35600 /* MovieDetailReviewCell.swift */; };
		1A9D94202CB9762600C35600 /* MovieDetailCastCell.xib in Resources */ = {isa = PBXBuildFile; fileRef = 1A9D941F2CB9762600C35600 /* MovieDetailCastCell.xib */; };
		1A9D94212CB9762600C35600 /* MovieDetailCastCell.swift in Sources */ = {isa = PBXBuildFile; fileRef = 1A9D941E2CB9762600C35600 /* MovieDetailCastCell.swift */; };
		1A9D94242CB9764000C35600 /* MovieDetailRecomendedCell.xib in Resources */ = {isa = PBXBuildFile; fileRef = 1A9D94232CB9764000C35600 /* MovieDetailRecomendedCell.xib */; };
		1A9D94252CB9764000C35600 /* MovieDetailRecomendedCell.swift in Sources */ = {isa = PBXBuildFile; fileRef = 1A9D94222CB9764000C35600 /* MovieDetailRecomendedCell.swift */; };
		1AA79D032C6F6C43009B92DD /* Alamofire in Frameworks */ = {isa = PBXBuildFile; productRef = 1AA79D022C6F6C43009B92DD /* Alamofire */; };
		1AA79D062C6F6C4D009B92DD /* Kingfisher in Frameworks */ = {isa = PBXBuildFile; productRef = 1AA79D052C6F6C4D009B92DD /* Kingfisher */; };
		1AA79D092C6F6C82009B92DD /* NetworkManager.swift in Sources */ = {isa = PBXBuildFile; fileRef = 1AA79D082C6F6C82009B92DD /* NetworkManager.swift */; };
		1AA79D0B2C6F6C89009B92DD /* NetworkConstants.swift in Sources */ = {isa = PBXBuildFile; fileRef = 1AA79D0A2C6F6C89009B92DD /* NetworkConstants.swift */; };
		1AA79D122C6F7179009B92DD /* Movie.swift in Sources */ = {isa = PBXBuildFile; fileRef = 1AA79D112C6F7179009B92DD /* Movie.swift */; };
		1AA79D142C6F71AC009B92DD /* Actor.swift in Sources */ = {isa = PBXBuildFile; fileRef = 1AA79D132C6F71AC009B92DD /* Actor.swift */; };
		1AA7C98C2C84951C00529E31 /* TvManager.swift in Sources */ = {isa = PBXBuildFile; fileRef = 1AA7C98B2C84951C00529E31 /* TvManager.swift */; };
		1AA7C98E2C84952800529E31 /* TvEndpoint.swift in Sources */ = {isa = PBXBuildFile; fileRef = 1AA7C98D2C84952800529E31 /* TvEndpoint.swift */; };
		1AA7C9902C84996400529E31 /* TvShow.swift in Sources */ = {isa = PBXBuildFile; fileRef = 1AA7C98F2C84996400529E31 /* TvShow.swift */; };
		1ACB508C2C7991E600898B6B /* TopImageBottomLabelCell.swift in Sources */ = {isa = PBXBuildFile; fileRef = 1ACB508A2C7991E600898B6B /* TopImageBottomLabelCell.swift */; };
		1ACB508D2C7991E600898B6B /* TopImageBottomLabelCell.xib in Resources */ = {isa = PBXBuildFile; fileRef = 1ACB508B2C7991E600898B6B /* TopImageBottomLabelCell.xib */; };
		1ACB50902C79949800898B6B /* Extension.swift in Sources */ = {isa = PBXBuildFile; fileRef = 1ACB508F2C79949800898B6B /* Extension.swift */; };
		1ACB50932C79A2F500898B6B /* HomeCell.swift in Sources */ = {isa = PBXBuildFile; fileRef = 1ACB50912C79A2F500898B6B /* HomeCell.swift */; };
		1ACB50942C79A2F500898B6B /* HomeCell.xib in Resources */ = {isa = PBXBuildFile; fileRef = 1ACB50922C79A2F500898B6B /* HomeCell.xib */; };
		1ACB50962C79C70700898B6B /* TabBarControllerViewController.swift in Sources */ = {isa = PBXBuildFile; fileRef = 1ACB50952C79C70700898B6B /* TabBarControllerViewController.swift */; };
		1ACB50AB2C79CB9200898B6B /* Kanit-Black.ttf in Resources */ = {isa = PBXBuildFile; fileRef = 1ACB50972C79CB9200898B6B /* Kanit-Black.ttf */; };
		1ACB50AD2C79CB9200898B6B /* Kanit-Bold.ttf in Resources */ = {isa = PBXBuildFile; fileRef = 1ACB50992C79CB9200898B6B /* Kanit-Bold.ttf */; };
		1ACB50B32C79CB9200898B6B /* Kanit-Italic.ttf in Resources */ = {isa = PBXBuildFile; fileRef = 1ACB509F2C79CB9200898B6B /* Kanit-Italic.ttf */; };
		1ACB50B62C79CB9200898B6B /* Kanit-Medium.ttf in Resources */ = {isa = PBXBuildFile; fileRef = 1ACB50A22C79CB9200898B6B /* Kanit-Medium.ttf */; };
		1ACB50B82C79CB9200898B6B /* Kanit-Regular.ttf in Resources */ = {isa = PBXBuildFile; fileRef = 1ACB50A42C79CB9200898B6B /* Kanit-Regular.ttf */; };
		1ACB50B92C79CB9200898B6B /* Kanit-SemiBold.ttf in Resources */ = {isa = PBXBuildFile; fileRef = 1ACB50A52C79CB9200898B6B /* Kanit-SemiBold.ttf */; };
		1ACB50BD2C79CB9200898B6B /* OFL.txt in Resources */ = {isa = PBXBuildFile; fileRef = 1ACB50A92C79CB9200898B6B /* OFL.txt */; };
		1AE681642C88BC4100ECCB46 /* ListController.swift in Sources */ = {isa = PBXBuildFile; fileRef = 1AE681632C88BC4100ECCB46 /* ListController.swift */; };
		1AE681662C88C70200ECCB46 /* ListCoordinator.swift in Sources */ = {isa = PBXBuildFile; fileRef = 1AE681652C88C70200ECCB46 /* ListCoordinator.swift */; };
		1AEE13D72C79CF67002972C0 /* Coordinator.swift in Sources */ = {isa = PBXBuildFile; fileRef = 1AEE13D62C79CF67002972C0 /* Coordinator.swift */; };
		1AEE13DC2C79E252002972C0 /* MovieDetailController.swift in Sources */ = {isa = PBXBuildFile; fileRef = 1AEE13DB2C79E252002972C0 /* MovieDetailController.swift */; };
		1AEE13DE2C79E261002972C0 /* MovieDetailViewModel.swift in Sources */ = {isa = PBXBuildFile; fileRef = 1AEE13DD2C79E261002972C0 /* MovieDetailViewModel.swift */; };
		1AEE13E02C79E269002972C0 /* MovieDetailCoordinator.swift in Sources */ = {isa = PBXBuildFile; fileRef = 1AEE13DF2C79E269002972C0 /* MovieDetailCoordinator.swift */; };
		1AF524382C54D7E200101F87 /* AppDelegate.swift in Sources */ = {isa = PBXBuildFile; fileRef = 1AF524372C54D7E200101F87 /* AppDelegate.swift */; };
		1AF5243A2C54D7E200101F87 /* SceneDelegate.swift in Sources */ = {isa = PBXBuildFile; fileRef = 1AF524392C54D7E200101F87 /* SceneDelegate.swift */; };
		1AF5243F2C54D7E200101F87 /* Base in Resources */ = {isa = PBXBuildFile; fileRef = 1AF5243E2C54D7E200101F87 /* Base */; };
		1AF524412C54D7E400101F87 /* Assets.xcassets in Resources */ = {isa = PBXBuildFile; fileRef = 1AF524402C54D7E400101F87 /* Assets.xcassets */; };
		1AF524442C54D7E400101F87 /* Base in Resources */ = {isa = PBXBuildFile; fileRef = 1AF524432C54D7E400101F87 /* Base */; };
/* End PBXBuildFile section */

/* Begin PBXFileReference section */
		1A226C052C8203E9008CF58B /* ActorDetailController.swift */ = {isa = PBXFileReference; lastKnownFileType = sourcecode.swift; path = ActorDetailController.swift; sourceTree = "<group>"; };
		1A226C092C82165B008CF58B /* ActorDetailViewModel.swift */ = {isa = PBXFileReference; lastKnownFileType = sourcecode.swift; path = ActorDetailViewModel.swift; sourceTree = "<group>"; };
		1A2D43EF2C6CB0970010F5A2 /* HomeViewModel.swift */ = {isa = PBXFileReference; lastKnownFileType = sourcecode.swift; path = HomeViewModel.swift; sourceTree = "<group>"; };
		1A2D43F12C6CB0AA0010F5A2 /* HomeController.swift */ = {isa = PBXFileReference; lastKnownFileType = sourcecode.swift; path = HomeController.swift; sourceTree = "<group>"; };
		1A2D43F32C6CB0D50010F5A2 /* LoginController.swift */ = {isa = PBXFileReference; lastKnownFileType = sourcecode.swift; path = LoginController.swift; sourceTree = "<group>"; };
		1A2D43F52C6CB0DE0010F5A2 /* LoginViewModel.swift */ = {isa = PBXFileReference; lastKnownFileType = sourcecode.swift; path = LoginViewModel.swift; sourceTree = "<group>"; };
		1A2D43FC2C6CB3B70010F5A2 /* ActorsController.swift */ = {isa = PBXFileReference; lastKnownFileType = sourcecode.swift; path = ActorsController.swift; sourceTree = "<group>"; };
		1A2D43FE2C6CB3D20010F5A2 /* RegisterController.swift */ = {isa = PBXFileReference; lastKnownFileType = sourcecode.swift; path = RegisterController.swift; sourceTree = "<group>"; };
		1A2D44002C6CB3DC0010F5A2 /* RegisterViewModel.swift */ = {isa = PBXFileReference; lastKnownFileType = sourcecode.swift; path = RegisterViewModel.swift; sourceTree = "<group>"; };
		1A2D44022C6CB3F10010F5A2 /* ActorsViewModel.swift */ = {isa = PBXFileReference; lastKnownFileType = sourcecode.swift; path = ActorsViewModel.swift; sourceTree = "<group>"; };
		1A2D44042C6CB3FE0010F5A2 /* TvShowsViewModel.swift */ = {isa = PBXFileReference; lastKnownFileType = sourcecode.swift; path = TvShowsViewModel.swift; sourceTree = "<group>"; };
		1A2D44062C6CB40E0010F5A2 /* TvShowsController.swift */ = {isa = PBXFileReference; lastKnownFileType = sourcecode.swift; path = TvShowsController.swift; sourceTree = "<group>"; };
		1A2D44082C6CB41B0010F5A2 /* SearchController.swift */ = {isa = PBXFileReference; lastKnownFileType = sourcecode.swift; path = SearchController.swift; sourceTree = "<group>"; };
		1A2D440A2C6CB4240010F5A2 /* SearchViewModel.swift */ = {isa = PBXFileReference; lastKnownFileType = sourcecode.swift; path = SearchViewModel.swift; sourceTree = "<group>"; };
		1A2D44122C6CB4E00010F5A2 /* ProfileViewModel.swift */ = {isa = PBXFileReference; lastKnownFileType = sourcecode.swift; path = ProfileViewModel.swift; sourceTree = "<group>"; };
		1A2D44142C6CB4EB0010F5A2 /* ProfileController.swift */ = {isa = PBXFileReference; lastKnownFileType = sourcecode.swift; path = ProfileController.swift; sourceTree = "<group>"; };
		1A44977C2C72FF5300118938 /* ActorEndpoint.swift */ = {isa = PBXFileReference; lastKnownFileType = sourcecode.swift; path = ActorEndpoint.swift; sourceTree = "<group>"; };
		1A44977E2C72FF6300118938 /* ActorManager.swift */ = {isa = PBXFileReference; lastKnownFileType = sourcecode.swift; path = ActorManager.swift; sourceTree = "<group>"; };
		1A4497802C72FF7C00118938 /* ActorMovieManager.swift */ = {isa = PBXFileReference; lastKnownFileType = sourcecode.swift; path = ActorMovieManager.swift; sourceTree = "<group>"; };
		1A4497832C72FFEB00118938 /* MovieListUseCase.swift */ = {isa = PBXFileReference; lastKnownFileType = sourcecode.swift; path = MovieListUseCase.swift; sourceTree = "<group>"; };
		1A4497852C73001500118938 /* MovieManager.swift */ = {isa = PBXFileReference; lastKnownFileType = sourcecode.swift; path = MovieManager.swift; sourceTree = "<group>"; };
		1A4497872C73002B00118938 /* MovieEndpoint.swift */ = {isa = PBXFileReference; lastKnownFileType = sourcecode.swift; path = MovieEndpoint.swift; sourceTree = "<group>"; };
		1A44978A2C73023900118938 /* HomeCoordinator.swift */ = {isa = PBXFileReference; lastKnownFileType = sourcecode.swift; path = HomeCoordinator.swift; sourceTree = "<group>"; };
		1A44978C2C73024900118938 /* ActorsCoordinator.swift */ = {isa = PBXFileReference; lastKnownFileType = sourcecode.swift; path = ActorsCoordinator.swift; sourceTree = "<group>"; };
		1A602C3F2C96F9E700CEB0E4 /* ListViewModel.swift */ = {isa = PBXFileReference; lastKnownFileType = sourcecode.swift; path = ListViewModel.swift; sourceTree = "<group>"; };
		1A7DA6A02CB529AA0088E52A /* GoogleService-Info.plist */ = {isa = PBXFileReference; lastKnownFileType = text.plist.xml; path = "GoogleService-Info.plist"; sourceTree = "<group>"; };
		1A8393F82C8B617C0034456E /* SearchEndpoint.swift */ = {isa = PBXFileReference; lastKnownFileType = sourcecode.swift; path = SearchEndpoint.swift; sourceTree = "<group>"; };
		1A8393FA2C8B61890034456E /* SearchManager.swift */ = {isa = PBXFileReference; lastKnownFileType = sourcecode.swift; path = SearchManager.swift; sourceTree = "<group>"; };
		1A93D06A2C86E6F7002F553E /* MovieDetailManager.swift */ = {isa = PBXFileReference; lastKnownFileType = sourcecode.swift; path = MovieDetailManager.swift; sourceTree = "<group>"; };
		1A93D06D2C874805002F553E /* SearchCell.swift */ = {isa = PBXFileReference; lastKnownFileType = sourcecode.swift; path = SearchCell.swift; sourceTree = "<group>"; };
		1A93D06E2C874805002F553E /* SearchCell.xib */ = {isa = PBXFileReference; lastKnownFileType = file.xib; path = SearchCell.xib; sourceTree = "<group>"; };
		1A93D0732C874D46002F553E /* TvShowDetailViewModel.swift */ = {isa = PBXFileReference; lastKnownFileType = sourcecode.swift; path = TvShowDetailViewModel.swift; sourceTree = "<group>"; };
		1A93D0752C874E9D002F553E /* ActorDetailManager.swift */ = {isa = PBXFileReference; lastKnownFileType = sourcecode.swift; path = ActorDetailManager.swift; sourceTree = "<group>"; };
		1A93D0772C8778BF002F553E /* ActorDetailCoordinator.swift */ = {isa = PBXFileReference; lastKnownFileType = sourcecode.swift; path = ActorDetailCoordinator.swift; sourceTree = "<group>"; };
		1A93D0792C8784A9002F553E /* TvShowDetailController.swift */ = {isa = PBXFileReference; lastKnownFileType = sourcecode.swift; path = TvShowDetailController.swift; sourceTree = "<group>"; };
		1A93D07F2C87A0EE002F553E /* TvShowDetailManager.swift */ = {isa = PBXFileReference; lastKnownFileType = sourcecode.swift; path = TvShowDetailManager.swift; sourceTree = "<group>"; };
		1A93D0832C87A934002F553E /* TvShowDetailCoordinator.swift */ = {isa = PBXFileReference; lastKnownFileType = sourcecode.swift; path = TvShowDetailCoordinator.swift; sourceTree = "<group>"; };
		1A9D94162CB9707900C35600 /* MovieDetailCell.swift */ = {isa = PBXFileReference; lastKnownFileType = sourcecode.swift; path = MovieDetailCell.swift; sourceTree = "<group>"; };
		1A9D94172CB9707900C35600 /* MovieDetailCell.xib */ = {isa = PBXFileReference; lastKnownFileType = file.xib; path = MovieDetailCell.xib; sourceTree = "<group>"; };
		1A9D941A2CB9760D00C35600 /* MovieDetailReviewCell.swift */ = {isa = PBXFileReference; lastKnownFileType = sourcecode.swift; path = MovieDetailReviewCell.swift; sourceTree = "<group>"; };
		1A9D941B2CB9760D00C35600 /* MovieDetailReviewCell.xib */ = {isa = PBXFileReference; lastKnownFileType = file.xib; path = MovieDetailReviewCell.xib; sourceTree = "<group>"; };
		1A9D941E2CB9762600C35600 /* MovieDetailCastCell.swift */ = {isa = PBXFileReference; lastKnownFileType = sourcecode.swift; path = MovieDetailCastCell.swift; sourceTree = "<group>"; };
		1A9D941F2CB9762600C35600 /* MovieDetailCastCell.xib */ = {isa = PBXFileReference; lastKnownFileType = file.xib; path = MovieDetailCastCell.xib; sourceTree = "<group>"; };
		1A9D94222CB9764000C35600 /* MovieDetailRecomendedCell.swift */ = {isa = PBXFileReference; lastKnownFileType = sourcecode.swift; path = MovieDetailRecomendedCell.swift; sourceTree = "<group>"; };
		1A9D94232CB9764000C35600 /* MovieDetailRecomendedCell.xib */ = {isa = PBXFileReference; lastKnownFileType = file.xib; path = MovieDetailRecomendedCell.xib; sourceTree = "<group>"; };
		1AA79D082C6F6C82009B92DD /* NetworkManager.swift */ = {isa = PBXFileReference; lastKnownFileType = sourcecode.swift; path = NetworkManager.swift; sourceTree = "<group>"; };
		1AA79D0A2C6F6C89009B92DD /* NetworkConstants.swift */ = {isa = PBXFileReference; lastKnownFileType = sourcecode.swift; path = NetworkConstants.swift; sourceTree = "<group>"; };
		1AA79D112C6F7179009B92DD /* Movie.swift */ = {isa = PBXFileReference; lastKnownFileType = sourcecode.swift; path = Movie.swift; sourceTree = "<group>"; };
		1AA79D132C6F71AC009B92DD /* Actor.swift */ = {isa = PBXFileReference; lastKnownFileType = sourcecode.swift; path = Actor.swift; sourceTree = "<group>"; };
		1AA7C98B2C84951C00529E31 /* TvManager.swift */ = {isa = PBXFileReference; lastKnownFileType = sourcecode.swift; path = TvManager.swift; sourceTree = "<group>"; };
		1AA7C98D2C84952800529E31 /* TvEndpoint.swift */ = {isa = PBXFileReference; lastKnownFileType = sourcecode.swift; path = TvEndpoint.swift; sourceTree = "<group>"; };
		1AA7C98F2C84996400529E31 /* TvShow.swift */ = {isa = PBXFileReference; lastKnownFileType = sourcecode.swift; path = TvShow.swift; sourceTree = "<group>"; };
		1ACB508A2C7991E600898B6B /* TopImageBottomLabelCell.swift */ = {isa = PBXFileReference; lastKnownFileType = sourcecode.swift; path = TopImageBottomLabelCell.swift; sourceTree = "<group>"; };
		1ACB508B2C7991E600898B6B /* TopImageBottomLabelCell.xib */ = {isa = PBXFileReference; lastKnownFileType = file.xib; path = TopImageBottomLabelCell.xib; sourceTree = "<group>"; };
		1ACB508F2C79949800898B6B /* Extension.swift */ = {isa = PBXFileReference; lastKnownFileType = sourcecode.swift; path = Extension.swift; sourceTree = "<group>"; };
		1ACB50912C79A2F500898B6B /* HomeCell.swift */ = {isa = PBXFileReference; lastKnownFileType = sourcecode.swift; path = HomeCell.swift; sourceTree = "<group>"; };
		1ACB50922C79A2F500898B6B /* HomeCell.xib */ = {isa = PBXFileReference; lastKnownFileType = file.xib; path = HomeCell.xib; sourceTree = "<group>"; };
		1ACB50952C79C70700898B6B /* TabBarControllerViewController.swift */ = {isa = PBXFileReference; lastKnownFileType = sourcecode.swift; path = TabBarControllerViewController.swift; sourceTree = "<group>"; };
		1ACB50972C79CB9200898B6B /* Kanit-Black.ttf */ = {isa = PBXFileReference; lastKnownFileType = file; path = "Kanit-Black.ttf"; sourceTree = "<group>"; };
		1ACB50992C79CB9200898B6B /* Kanit-Bold.ttf */ = {isa = PBXFileReference; lastKnownFileType = file; path = "Kanit-Bold.ttf"; sourceTree = "<group>"; };
		1ACB509F2C79CB9200898B6B /* Kanit-Italic.ttf */ = {isa = PBXFileReference; lastKnownFileType = file; path = "Kanit-Italic.ttf"; sourceTree = "<group>"; };
		1ACB50A22C79CB9200898B6B /* Kanit-Medium.ttf */ = {isa = PBXFileReference; lastKnownFileType = file; path = "Kanit-Medium.ttf"; sourceTree = "<group>"; };
		1ACB50A42C79CB9200898B6B /* Kanit-Regular.ttf */ = {isa = PBXFileReference; lastKnownFileType = file; path = "Kanit-Regular.ttf"; sourceTree = "<group>"; };
		1ACB50A52C79CB9200898B6B /* Kanit-SemiBold.ttf */ = {isa = PBXFileReference; lastKnownFileType = file; path = "Kanit-SemiBold.ttf"; sourceTree = "<group>"; };
		1ACB50A92C79CB9200898B6B /* OFL.txt */ = {isa = PBXFileReference; fileEncoding = 4; lastKnownFileType = text; path = OFL.txt; sourceTree = "<group>"; };
		1AE681632C88BC4100ECCB46 /* ListController.swift */ = {isa = PBXFileReference; lastKnownFileType = sourcecode.swift; path = ListController.swift; sourceTree = "<group>"; };
		1AE681652C88C70200ECCB46 /* ListCoordinator.swift */ = {isa = PBXFileReference; lastKnownFileType = sourcecode.swift; path = ListCoordinator.swift; sourceTree = "<group>"; };
		1AEE13D62C79CF67002972C0 /* Coordinator.swift */ = {isa = PBXFileReference; lastKnownFileType = sourcecode.swift; path = Coordinator.swift; sourceTree = "<group>"; };
		1AEE13DB2C79E252002972C0 /* MovieDetailController.swift */ = {isa = PBXFileReference; lastKnownFileType = sourcecode.swift; path = MovieDetailController.swift; sourceTree = "<group>"; };
		1AEE13DD2C79E261002972C0 /* MovieDetailViewModel.swift */ = {isa = PBXFileReference; lastKnownFileType = sourcecode.swift; path = MovieDetailViewModel.swift; sourceTree = "<group>"; };
		1AEE13DF2C79E269002972C0 /* MovieDetailCoordinator.swift */ = {isa = PBXFileReference; lastKnownFileType = sourcecode.swift; path = MovieDetailCoordinator.swift; sourceTree = "<group>"; };
		1AF524342C54D7E200101F87 /* MoverMovieApp.app */ = {isa = PBXFileReference; explicitFileType = wrapper.application; includeInIndex = 0; path = MoverMovieApp.app; sourceTree = BUILT_PRODUCTS_DIR; };
		1AF524372C54D7E200101F87 /* AppDelegate.swift */ = {isa = PBXFileReference; lastKnownFileType = sourcecode.swift; path = AppDelegate.swift; sourceTree = "<group>"; };
		1AF524392C54D7E200101F87 /* SceneDelegate.swift */ = {isa = PBXFileReference; lastKnownFileType = sourcecode.swift; path = SceneDelegate.swift; sourceTree = "<group>"; };
		1AF5243E2C54D7E200101F87 /* Base */ = {isa = PBXFileReference; lastKnownFileType = file.storyboard; name = Base; path = Base.lproj/Main.storyboard; sourceTree = "<group>"; };
		1AF524402C54D7E400101F87 /* Assets.xcassets */ = {isa = PBXFileReference; lastKnownFileType = folder.assetcatalog; path = Assets.xcassets; sourceTree = "<group>"; };
		1AF524432C54D7E400101F87 /* Base */ = {isa = PBXFileReference; lastKnownFileType = file.storyboard; name = Base; path = Base.lproj/LaunchScreen.storyboard; sourceTree = "<group>"; };
		1AF524452C54D7E400101F87 /* Info.plist */ = {isa = PBXFileReference; lastKnownFileType = text.plist.xml; path = Info.plist; sourceTree = "<group>"; };
/* End PBXFileReference section */

/* Begin PBXFrameworksBuildPhase section */
		1AF524312C54D7E200101F87 /* Frameworks */ = {
			isa = PBXFrameworksBuildPhase;
			buildActionMask = 2147483647;
			files = (
				1A7DA6A82CB52DAE0088E52A /* FirebaseDatabase in Frameworks */,
				1AA79D062C6F6C4D009B92DD /* Kingfisher in Frameworks */,
				1A7DA6A62CB52DAE0088E52A /* FirebaseCrashlytics in Frameworks */,
				1A7DA6A42CB52DAE0088E52A /* FirebaseAuth in Frameworks */,
				1A7DA6AC2CB52DAE0088E52A /* FirebaseStorage in Frameworks */,
				1AA79D032C6F6C43009B92DD /* Alamofire in Frameworks */,
				1A7DA6AA2CB52DAE0088E52A /* FirebaseFirestore in Frameworks */,
			);
			runOnlyForDeploymentPostprocessing = 0;
		};
/* End PBXFrameworksBuildPhase section */

/* Begin PBXGroup section */
		1A2D43EB2C6CB0540010F5A2 /* Scene */ = {
			isa = PBXGroup;
			children = (
				1AE681622C88BC2C00ECCB46 /* List */,
				1AEE13DA2C79E23D002972C0 /* MovieDetail */,
				1A2D43EC2C6CB0640010F5A2 /* Home */,
				1A2D43FA2C6CB15D0010F5A2 /* Actors */,
				1A2D43FB2C6CB1A60010F5A2 /* TvShows */,
				1A2D43F82C6CB1210010F5A2 /* Search */,
				1A2D43F72C6CB11A0010F5A2 /* Settings */,
				1A2D43F92C6CB13B0010F5A2 /* Auth */,
				1ACB50952C79C70700898B6B /* TabBarControllerViewController.swift */,
			);
			path = Scene;
			sourceTree = "<group>";
		};
		1A2D43EC2C6CB0640010F5A2 /* Home */ = {
			isa = PBXGroup;
			children = (
				1A44978A2C73023900118938 /* HomeCoordinator.swift */,
				1A4497932C7304B700118938 /* ViewModel */,
				1A4497922C7304B100118938 /* View */,
			);
			path = Home;
			sourceTree = "<group>";
		};
		1A2D43ED2C6CB0770010F5A2 /* Login */ = {
			isa = PBXGroup;
			children = (
				1A2D43F32C6CB0D50010F5A2 /* LoginController.swift */,
				1A2D43F52C6CB0DE0010F5A2 /* LoginViewModel.swift */,
			);
			path = Login;
			sourceTree = "<group>";
		};
		1A2D43EE2C6CB07D0010F5A2 /* Register */ = {
			isa = PBXGroup;
			children = (
				1A2D43FE2C6CB3D20010F5A2 /* RegisterController.swift */,
				1A2D44002C6CB3DC0010F5A2 /* RegisterViewModel.swift */,
			);
			path = Register;
			sourceTree = "<group>";
		};
		1A2D43F72C6CB11A0010F5A2 /* Settings */ = {
			isa = PBXGroup;
			children = (
				1A2D44112C6CB47C0010F5A2 /* Profile */,
				1A2D44102C6CB4710010F5A2 /* FavoriteMovies */,
				1A2D440F2C6CB4450010F5A2 /* FavoriteTvShows */,
				1A2D440E2C6CB4410010F5A2 /* Language */,
				1A2D440D2C6CB43A0010F5A2 /* PrivacyPolicy */,
				1A2D440C2C6CB4300010F5A2 /* Help */,
			);
			path = Settings;
			sourceTree = "<group>";
		};
		1A2D43F82C6CB1210010F5A2 /* Search */ = {
			isa = PBXGroup;
			children = (
				1A2D44082C6CB41B0010F5A2 /* SearchController.swift */,
				1A2D440A2C6CB4240010F5A2 /* SearchViewModel.swift */,
				1A93D06D2C874805002F553E /* SearchCell.swift */,
				1A93D06E2C874805002F553E /* SearchCell.xib */,
			);
			path = Search;
			sourceTree = "<group>";
		};
		1A2D43F92C6CB13B0010F5A2 /* Auth */ = {
			isa = PBXGroup;
			children = (
				1A2D43ED2C6CB0770010F5A2 /* Login */,
				1A2D43EE2C6CB07D0010F5A2 /* Register */,
			);
			path = Auth;
			sourceTree = "<group>";
		};
		1A2D43FA2C6CB15D0010F5A2 /* Actors */ = {
			isa = PBXGroup;
			children = (
				1A93D07E2C87858E002F553E /* ViewModel */,
				1A93D07D2C878587002F553E /* View */,
				1A44978C2C73024900118938 /* ActorsCoordinator.swift */,
				1A93D0772C8778BF002F553E /* ActorDetailCoordinator.swift */,
			);
			path = Actors;
			sourceTree = "<group>";
		};
		1A2D43FB2C6CB1A60010F5A2 /* TvShows */ = {
			isa = PBXGroup;
			children = (
				1A93D07C2C8784CA002F553E /* ViewModel */,
				1A93D07B2C8784C0002F553E /* View */,
				1A93D0832C87A934002F553E /* TvShowDetailCoordinator.swift */,
			);
			path = TvShows;
			sourceTree = "<group>";
		};
		1A2D440C2C6CB4300010F5A2 /* Help */ = {
			isa = PBXGroup;
			children = (
			);
			path = Help;
			sourceTree = "<group>";
		};
		1A2D440D2C6CB43A0010F5A2 /* PrivacyPolicy */ = {
			isa = PBXGroup;
			children = (
			);
			path = PrivacyPolicy;
			sourceTree = "<group>";
		};
		1A2D440E2C6CB4410010F5A2 /* Language */ = {
			isa = PBXGroup;
			children = (
			);
			path = Language;
			sourceTree = "<group>";
		};
		1A2D440F2C6CB4450010F5A2 /* FavoriteTvShows */ = {
			isa = PBXGroup;
			children = (
			);
			path = FavoriteTvShows;
			sourceTree = "<group>";
		};
		1A2D44102C6CB4710010F5A2 /* FavoriteMovies */ = {
			isa = PBXGroup;
			children = (
			);
			path = FavoriteMovies;
			sourceTree = "<group>";
		};
		1A2D44112C6CB47C0010F5A2 /* Profile */ = {
			isa = PBXGroup;
			children = (
				1A2D44122C6CB4E00010F5A2 /* ProfileViewModel.swift */,
				1A2D44142C6CB4EB0010F5A2 /* ProfileController.swift */,
			);
			path = Profile;
			sourceTree = "<group>";
		};
		1A4497822C72FFC800118938 /* UseCases */ = {
			isa = PBXGroup;
			children = (
				1A4497832C72FFEB00118938 /* MovieListUseCase.swift */,
			);
			path = UseCases;
			sourceTree = "<group>";
		};
		1A4497922C7304B100118938 /* View */ = {
			isa = PBXGroup;
			children = (
				1A2D43F12C6CB0AA0010F5A2 /* HomeController.swift */,
				1ACB50912C79A2F500898B6B /* HomeCell.swift */,
				1ACB50922C79A2F500898B6B /* HomeCell.xib */,
			);
			path = View;
			sourceTree = "<group>";
		};
		1A4497932C7304B700118938 /* ViewModel */ = {
			isa = PBXGroup;
			children = (
				1A2D43EF2C6CB0970010F5A2 /* HomeViewModel.swift */,
			);
			path = ViewModel;
			sourceTree = "<group>";
		};
		1A8393F72C8B615C0034456E /* Search */ = {
			isa = PBXGroup;
			children = (
				1A8393F82C8B617C0034456E /* SearchEndpoint.swift */,
				1A8393FA2C8B61890034456E /* SearchManager.swift */,
			);
			path = Search;
			sourceTree = "<group>";
		};
		1A93D07B2C8784C0002F553E /* View */ = {
			isa = PBXGroup;
			children = (
				1A93D0792C8784A9002F553E /* TvShowDetailController.swift */,
				1A2D44062C6CB40E0010F5A2 /* TvShowsController.swift */,
			);
			path = View;
			sourceTree = "<group>";
		};
		1A93D07C2C8784CA002F553E /* ViewModel */ = {
			isa = PBXGroup;
			children = (
				1A93D0732C874D46002F553E /* TvShowDetailViewModel.swift */,
				1A2D44042C6CB3FE0010F5A2 /* TvShowsViewModel.swift */,
			);
			path = ViewModel;
			sourceTree = "<group>";
		};
		1A93D07D2C878587002F553E /* View */ = {
			isa = PBXGroup;
			children = (
				1A226C052C8203E9008CF58B /* ActorDetailController.swift */,
				1A2D43FC2C6CB3B70010F5A2 /* ActorsController.swift */,
			);
			path = View;
			sourceTree = "<group>";
		};
		1A93D07E2C87858E002F553E /* ViewModel */ = {
			isa = PBXGroup;
			children = (
				1A2D44022C6CB3F10010F5A2 /* ActorsViewModel.swift */,
				1A226C092C82165B008CF58B /* ActorDetailViewModel.swift */,
			);
			path = ViewModel;
			sourceTree = "<group>";
		};
		1AA79D072C6F6C72009B92DD /* Networking */ = {
			isa = PBXGroup;
			children = (
				1A8393F72C8B615C0034456E /* Search */,
				1AA79D0E2C6F7109009B92DD /* Core */,
				1A4497822C72FFC800118938 /* UseCases */,
				1AA7C98A2C8494AF00529E31 /* TvShows */,
				1AA79D102C6F713B009B92DD /* Movie */,
				1AA79D0F2C6F7135009B92DD /* Actor */,
			);
			path = Networking;
			sourceTree = "<group>";
		};
		1AA79D0C2C6F6CB9009B92DD /* Model */ = {
			isa = PBXGroup;
			children = (
				1AA79D112C6F7179009B92DD /* Movie.swift */,
				1AA79D132C6F71AC009B92DD /* Actor.swift */,
				1AA7C98F2C84996400529E31 /* TvShow.swift */,
			);
			path = Model;
			sourceTree = "<group>";
		};
		1AA79D0D2C6F6CBF009B92DD /* Helper */ = {
			isa = PBXGroup;
			children = (
				1ACB508E2C79948300898B6B /* Extension */,
				1ACB50AA2C79CB9200898B6B /* Font */,
			);
			path = Helper;
			sourceTree = "<group>";
		};
		1AA79D0E2C6F7109009B92DD /* Core */ = {
			isa = PBXGroup;
			children = (
				1AA79D082C6F6C82009B92DD /* NetworkManager.swift */,
				1AA79D0A2C6F6C89009B92DD /* NetworkConstants.swift */,
			);
			path = Core;
			sourceTree = "<group>";
		};
		1AA79D0F2C6F7135009B92DD /* Actor */ = {
			isa = PBXGroup;
			children = (
				1A44977C2C72FF5300118938 /* ActorEndpoint.swift */,
				1A44977E2C72FF6300118938 /* ActorManager.swift */,
				1A4497802C72FF7C00118938 /* ActorMovieManager.swift */,
				1A93D0752C874E9D002F553E /* ActorDetailManager.swift */,
			);
			path = Actor;
			sourceTree = "<group>";
		};
		1AA79D102C6F713B009B92DD /* Movie */ = {
			isa = PBXGroup;
			children = (
				1A93D06A2C86E6F7002F553E /* MovieDetailManager.swift */,
				1A4497852C73001500118938 /* MovieManager.swift */,
				1A4497872C73002B00118938 /* MovieEndpoint.swift */,
			);
			path = Movie;
			sourceTree = "<group>";
		};
		1AA7C98A2C8494AF00529E31 /* TvShows */ = {
			isa = PBXGroup;
			children = (
				1AA7C98B2C84951C00529E31 /* TvManager.swift */,
				1AA7C98D2C84952800529E31 /* TvEndpoint.swift */,
				1A93D07F2C87A0EE002F553E /* TvShowDetailManager.swift */,
			);
			path = TvShows;
			sourceTree = "<group>";
		};
		1ACB508E2C79948300898B6B /* Extension */ = {
			isa = PBXGroup;
			children = (
				1ACB508F2C79949800898B6B /* Extension.swift */,
				1AEE13D62C79CF67002972C0 /* Coordinator.swift */,
			);
			path = Extension;
			sourceTree = "<group>";
		};
		1ACB50AA2C79CB9200898B6B /* Font */ = {
			isa = PBXGroup;
			children = (
				1ACB50972C79CB9200898B6B /* Kanit-Black.ttf */,
				1ACB50992C79CB9200898B6B /* Kanit-Bold.ttf */,
				1ACB509F2C79CB9200898B6B /* Kanit-Italic.ttf */,
				1ACB50A22C79CB9200898B6B /* Kanit-Medium.ttf */,
				1ACB50A42C79CB9200898B6B /* Kanit-Regular.ttf */,
				1ACB50A52C79CB9200898B6B /* Kanit-SemiBold.ttf */,
				1ACB50A92C79CB9200898B6B /* OFL.txt */,
			);
			path = Font;
			sourceTree = "<group>";
		};
		1AE071242C78D6A9009B8058 /* ReusuableCell */ = {
			isa = PBXGroup;
			children = (
				1ACB508A2C7991E600898B6B /* TopImageBottomLabelCell.swift */,
				1ACB508B2C7991E600898B6B /* TopImageBottomLabelCell.xib */,
			);
			path = ReusuableCell;
			sourceTree = "<group>";
		};
		1AE681622C88BC2C00ECCB46 /* List */ = {
			isa = PBXGroup;
			children = (
				1AE681632C88BC4100ECCB46 /* ListController.swift */,
				1AE681652C88C70200ECCB46 /* ListCoordinator.swift */,
				1A602C3F2C96F9E700CEB0E4 /* ListViewModel.swift */,
			);
			path = List;
			sourceTree = "<group>";
		};
		1AEE13DA2C79E23D002972C0 /* MovieDetail */ = {
			isa = PBXGroup;
			children = (
				1AEE13DB2C79E252002972C0 /* MovieDetailController.swift */,
				1AEE13DD2C79E261002972C0 /* MovieDetailViewModel.swift */,
				1AEE13DF2C79E269002972C0 /* MovieDetailCoordinator.swift */,
				1A9D94162CB9707900C35600 /* MovieDetailCell.swift */,
				1A9D94172CB9707900C35600 /* MovieDetailCell.xib */,
				1A9D941A2CB9760D00C35600 /* MovieDetailReviewCell.swift */,
				1A9D941B2CB9760D00C35600 /* MovieDetailReviewCell.xib */,
				1A9D941E2CB9762600C35600 /* MovieDetailCastCell.swift */,
				1A9D94222CB9764000C35600 /* MovieDetailRecomendedCell.swift */,
				1A9D94232CB9764000C35600 /* MovieDetailRecomendedCell.xib */,
				1A9D941F2CB9762600C35600 /* MovieDetailCastCell.xib */,
			);
			path = MovieDetail;
			sourceTree = "<group>";
		};
		1AF5242B2C54D7E100101F87 = {
			isa = PBXGroup;
			children = (
				1AF524362C54D7E200101F87 /* MoverMovieApp */,
				1AF524352C54D7E200101F87 /* Products */,
			);
			sourceTree = "<group>";
		};
		1AF524352C54D7E200101F87 /* Products */ = {
			isa = PBXGroup;
			children = (
				1AF524342C54D7E200101F87 /* MoverMovieApp.app */,
			);
			name = Products;
			sourceTree = "<group>";
		};
		1AF524362C54D7E200101F87 /* MoverMovieApp */ = {
			isa = PBXGroup;
			children = (
				1AF524372C54D7E200101F87 /* AppDelegate.swift */,
				1AF524392C54D7E200101F87 /* SceneDelegate.swift */,
				1AA79D072C6F6C72009B92DD /* Networking */,
				1AA79D0D2C6F6CBF009B92DD /* Helper */,
				1AA79D0C2C6F6CB9009B92DD /* Model */,
				1AE071242C78D6A9009B8058 /* ReusuableCell */,
				1A2D43EB2C6CB0540010F5A2 /* Scene */,
				1AF5243D2C54D7E200101F87 /* Main.storyboard */,
				1AF524402C54D7E400101F87 /* Assets.xcassets */,
				1AF524422C54D7E400101F87 /* LaunchScreen.storyboard */,
				1AF524452C54D7E400101F87 /* Info.plist */,
				1A7DA6A02CB529AA0088E52A /* GoogleService-Info.plist */,
			);
			path = MoverMovieApp;
			sourceTree = "<group>";
		};
/* End PBXGroup section */

/* Begin PBXNativeTarget section */
		1AF524332C54D7E200101F87 /* MoverMovieApp */ = {
			isa = PBXNativeTarget;
			buildConfigurationList = 1AF524482C54D7E400101F87 /* Build configuration list for PBXNativeTarget "MoverMovieApp" */;
			buildPhases = (
				1AF524302C54D7E200101F87 /* Sources */,
				1AF524312C54D7E200101F87 /* Frameworks */,
				1AF524322C54D7E200101F87 /* Resources */,
			);
			buildRules = (
			);
			dependencies = (
			);
			name = MoverMovieApp;
			packageProductDependencies = (
				1AA79D022C6F6C43009B92DD /* Alamofire */,
				1AA79D052C6F6C4D009B92DD /* Kingfisher */,
				1A7DA6A32CB52DAE0088E52A /* FirebaseAuth */,
				1A7DA6A52CB52DAE0088E52A /* FirebaseCrashlytics */,
				1A7DA6A72CB52DAE0088E52A /* FirebaseDatabase */,
				1A7DA6A92CB52DAE0088E52A /* FirebaseFirestore */,
				1A7DA6AB2CB52DAE0088E52A /* FirebaseStorage */,
			);
			productName = MoverMovieApp;
			productReference = 1AF524342C54D7E200101F87 /* MoverMovieApp.app */;
			productType = "com.apple.product-type.application";
		};
/* End PBXNativeTarget section */

/* Begin PBXProject section */
		1AF5242C2C54D7E100101F87 /* Project object */ = {
			isa = PBXProject;
			attributes = {
				BuildIndependentTargetsInParallel = 1;
				LastSwiftUpdateCheck = 1540;
				LastUpgradeCheck = 1540;
				TargetAttributes = {
					1AF524332C54D7E200101F87 = {
						CreatedOnToolsVersion = 15.4;
					};
				};
			};
			buildConfigurationList = 1AF5242F2C54D7E100101F87 /* Build configuration list for PBXProject "MoverMovieApp" */;
			compatibilityVersion = "Xcode 14.0";
			developmentRegion = en;
			hasScannedForEncodings = 0;
			knownRegions = (
				en,
				Base,
			);
			mainGroup = 1AF5242B2C54D7E100101F87;
			packageReferences = (
				1AA79D012C6F6C43009B92DD /* XCRemoteSwiftPackageReference "Alamofire" */,
				1AA79D042C6F6C4D009B92DD /* XCRemoteSwiftPackageReference "Kingfisher" */,
				1A7DA6A22CB52DAE0088E52A /* XCRemoteSwiftPackageReference "firebase-ios-sdk" */,
			);
			productRefGroup = 1AF524352C54D7E200101F87 /* Products */;
			projectDirPath = "";
			projectRoot = "";
			targets = (
				1AF524332C54D7E200101F87 /* MoverMovieApp */,
			);
		};
/* End PBXProject section */

/* Begin PBXResourcesBuildPhase section */
		1AF524322C54D7E200101F87 /* Resources */ = {
			isa = PBXResourcesBuildPhase;
			buildActionMask = 2147483647;
			files = (
				1ACB50AB2C79CB9200898B6B /* Kanit-Black.ttf in Resources */,
				1A93D06F2C874805002F553E /* SearchCell.xib in Resources */,
				1A7DA6A12CB529AA0088E52A /* GoogleService-Info.plist in Resources */,
				1ACB50BD2C79CB9200898B6B /* OFL.txt in Resources */,
				1AF524412C54D7E400101F87 /* Assets.xcassets in Resources */,
				1ACB50B62C79CB9200898B6B /* Kanit-Medium.ttf in Resources */,
				1ACB50B92C79CB9200898B6B /* Kanit-SemiBold.ttf in Resources */,
				1A9D94242CB9764000C35600 /* MovieDetailRecomendedCell.xib in Resources */,
				1A9D94182CB9707900C35600 /* MovieDetailCell.xib in Resources */,
				1AF524442C54D7E400101F87 /* Base in Resources */,
				1AF5243F2C54D7E200101F87 /* Base in Resources */,
				1ACB50B32C79CB9200898B6B /* Kanit-Italic.ttf in Resources */,
				1A9D94202CB9762600C35600 /* MovieDetailCastCell.xib in Resources */,
				1ACB508D2C7991E600898B6B /* TopImageBottomLabelCell.xib in Resources */,
				1ACB50942C79A2F500898B6B /* HomeCell.xib in Resources */,
				1ACB50B82C79CB9200898B6B /* Kanit-Regular.ttf in Resources */,
				1ACB50AD2C79CB9200898B6B /* Kanit-Bold.ttf in Resources */,
				1A9D941C2CB9760D00C35600 /* MovieDetailReviewCell.xib in Resources */,
			);
			runOnlyForDeploymentPostprocessing = 0;
		};
/* End PBXResourcesBuildPhase section */

/* Begin PBXSourcesBuildPhase section */
		1AF524302C54D7E200101F87 /* Sources */ = {
			isa = PBXSourcesBuildPhase;
			buildActionMask = 2147483647;
			files = (
				1AA79D122C6F7179009B92DD /* Movie.swift in Sources */,
				1AEE13DC2C79E252002972C0 /* MovieDetailController.swift in Sources */,
				1A2D44032C6CB3F10010F5A2 /* ActorsViewModel.swift in Sources */,
				1A2D43F42C6CB0D50010F5A2 /* LoginController.swift in Sources */,
				1AF524382C54D7E200101F87 /* AppDelegate.swift in Sources */,
				1A8393FB2C8B61890034456E /* SearchManager.swift in Sources */,
				1A2D44092C6CB41B0010F5A2 /* SearchController.swift in Sources */,
				1AF5243A2C54D7E200101F87 /* SceneDelegate.swift in Sources */,
				1A2D44072C6CB40E0010F5A2 /* TvShowsController.swift in Sources */,
				1AEE13DE2C79E261002972C0 /* MovieDetailViewModel.swift in Sources */,
				1A602C402C96F9E700CEB0E4 /* ListViewModel.swift in Sources */,
				1ACB50902C79949800898B6B /* Extension.swift in Sources */,
				1A2D43F02C6CB0970010F5A2 /* HomeViewModel.swift in Sources */,
				1A2D44152C6CB4EB0010F5A2 /* ProfileController.swift in Sources */,
				1A2D43FF2C6CB3D20010F5A2 /* RegisterController.swift in Sources */,
				1A226C062C8203E9008CF58B /* ActorDetailController.swift in Sources */,
				1AA7C98E2C84952800529E31 /* TvEndpoint.swift in Sources */,
				1A93D0762C874E9D002F553E /* ActorDetailManager.swift in Sources */,
				1A2D440B2C6CB4240010F5A2 /* SearchViewModel.swift in Sources */,
				1A93D0782C8778BF002F553E /* ActorDetailCoordinator.swift in Sources */,
				1AA79D092C6F6C82009B92DD /* NetworkManager.swift in Sources */,
				1A9D94212CB9762600C35600 /* MovieDetailCastCell.swift in Sources */,
				1A2D44132C6CB4E00010F5A2 /* ProfileViewModel.swift in Sources */,
				1ACB50962C79C70700898B6B /* TabBarControllerViewController.swift in Sources */,
				1A44977F2C72FF6300118938 /* ActorManager.swift in Sources */,
				1A226C0A2C82165B008CF58B /* ActorDetailViewModel.swift in Sources */,
				1A44978D2C73024900118938 /* ActorsCoordinator.swift in Sources */,
				1A9D94192CB9707900C35600 /* MovieDetailCell.swift in Sources */,
				1AEE13D72C79CF67002972C0 /* Coordinator.swift in Sources */,
				1A4497842C72FFEB00118938 /* MovieListUseCase.swift in Sources */,
				1A8393F92C8B617C0034456E /* SearchEndpoint.swift in Sources */,
				1A93D0842C87A934002F553E /* TvShowDetailCoordinator.swift in Sources */,
				1ACB50932C79A2F500898B6B /* HomeCell.swift in Sources */,
				1A93D07A2C8784A9002F553E /* TvShowDetailController.swift in Sources */,
				1AE681662C88C70200ECCB46 /* ListCoordinator.swift in Sources */,
				1ACB508C2C7991E600898B6B /* TopImageBottomLabelCell.swift in Sources */,
				1AEE13E02C79E269002972C0 /* MovieDetailCoordinator.swift in Sources */,
				1A2D43F22C6CB0AA0010F5A2 /* HomeController.swift in Sources */,
				1A4497812C72FF7C00118938 /* ActorMovieManager.swift in Sources */,
				1A9D94252CB9764000C35600 /* MovieDetailRecomendedCell.swift in Sources */,
				1A4497882C73002B00118938 /* MovieEndpoint.swift in Sources */,
				1AA7C9902C84996400529E31 /* TvShow.swift in Sources */,
				1A2D43F62C6CB0DE0010F5A2 /* LoginViewModel.swift in Sources */,
				1A93D0702C874805002F553E /* SearchCell.swift in Sources */,
				1A2D44012C6CB3DC0010F5A2 /* RegisterViewModel.swift in Sources */,
				1AA7C98C2C84951C00529E31 /* TvManager.swift in Sources */,
				1A44978B2C73023900118938 /* HomeCoordinator.swift in Sources */,
				1A93D0742C874D46002F553E /* TvShowDetailViewModel.swift in Sources */,
				1AE681642C88BC4100ECCB46 /* ListController.swift in Sources */,
				1A2D44052C6CB3FE0010F5A2 /* TvShowsViewModel.swift in Sources */,
				1A44977D2C72FF5300118938 /* ActorEndpoint.swift in Sources */,
				1AA79D0B2C6F6C89009B92DD /* NetworkConstants.swift in Sources */,
				1A4497862C73001500118938 /* MovieManager.swift in Sources */,
				1A9D941D2CB9760D00C35600 /* MovieDetailReviewCell.swift in Sources */,
				1A93D06B2C86E6F7002F553E /* MovieDetailManager.swift in Sources */,
				1A93D0802C87A0EE002F553E /* TvShowDetailManager.swift in Sources */,
				1A2D43FD2C6CB3B80010F5A2 /* ActorsController.swift in Sources */,
				1AA79D142C6F71AC009B92DD /* Actor.swift in Sources */,
			);
			runOnlyForDeploymentPostprocessing = 0;
		};
/* End PBXSourcesBuildPhase section */

/* Begin PBXVariantGroup section */
		1AF5243D2C54D7E200101F87 /* Main.storyboard */ = {
			isa = PBXVariantGroup;
			children = (
				1AF5243E2C54D7E200101F87 /* Base */,
			);
			name = Main.storyboard;
			sourceTree = "<group>";
		};
		1AF524422C54D7E400101F87 /* LaunchScreen.storyboard */ = {
			isa = PBXVariantGroup;
			children = (
				1AF524432C54D7E400101F87 /* Base */,
			);
			name = LaunchScreen.storyboard;
			sourceTree = "<group>";
		};
/* End PBXVariantGroup section */

/* Begin XCBuildConfiguration section */
		1AF524462C54D7E400101F87 /* Debug */ = {
			isa = XCBuildConfiguration;
			buildSettings = {
				ALWAYS_SEARCH_USER_PATHS = NO;
				ASSETCATALOG_COMPILER_GENERATE_SWIFT_ASSET_SYMBOL_EXTENSIONS = YES;
				CLANG_ANALYZER_NONNULL = YES;
				CLANG_ANALYZER_NUMBER_OBJECT_CONVERSION = YES_AGGRESSIVE;
				CLANG_CXX_LANGUAGE_STANDARD = "gnu++20";
				CLANG_ENABLE_MODULES = YES;
				CLANG_ENABLE_OBJC_ARC = YES;
				CLANG_ENABLE_OBJC_WEAK = YES;
				CLANG_WARN_BLOCK_CAPTURE_AUTORELEASING = YES;
				CLANG_WARN_BOOL_CONVERSION = YES;
				CLANG_WARN_COMMA = YES;
				CLANG_WARN_CONSTANT_CONVERSION = YES;
				CLANG_WARN_DEPRECATED_OBJC_IMPLEMENTATIONS = YES;
				CLANG_WARN_DIRECT_OBJC_ISA_USAGE = YES_ERROR;
				CLANG_WARN_DOCUMENTATION_COMMENTS = YES;
				CLANG_WARN_EMPTY_BODY = YES;
				CLANG_WARN_ENUM_CONVERSION = YES;
				CLANG_WARN_INFINITE_RECURSION = YES;
				CLANG_WARN_INT_CONVERSION = YES;
				CLANG_WARN_NON_LITERAL_NULL_CONVERSION = YES;
				CLANG_WARN_OBJC_IMPLICIT_RETAIN_SELF = YES;
				CLANG_WARN_OBJC_LITERAL_CONVERSION = YES;
				CLANG_WARN_OBJC_ROOT_CLASS = YES_ERROR;
				CLANG_WARN_QUOTED_INCLUDE_IN_FRAMEWORK_HEADER = YES;
				CLANG_WARN_RANGE_LOOP_ANALYSIS = YES;
				CLANG_WARN_STRICT_PROTOTYPES = YES;
				CLANG_WARN_SUSPICIOUS_MOVE = YES;
				CLANG_WARN_UNGUARDED_AVAILABILITY = YES_AGGRESSIVE;
				CLANG_WARN_UNREACHABLE_CODE = YES;
				CLANG_WARN__DUPLICATE_METHOD_MATCH = YES;
				COPY_PHASE_STRIP = NO;
				DEBUG_INFORMATION_FORMAT = dwarf;
				ENABLE_STRICT_OBJC_MSGSEND = YES;
				ENABLE_TESTABILITY = YES;
				ENABLE_USER_SCRIPT_SANDBOXING = YES;
				GCC_C_LANGUAGE_STANDARD = gnu17;
				GCC_DYNAMIC_NO_PIC = NO;
				GCC_NO_COMMON_BLOCKS = YES;
				GCC_OPTIMIZATION_LEVEL = 0;
				GCC_PREPROCESSOR_DEFINITIONS = (
					"DEBUG=1",
					"$(inherited)",
				);
				GCC_WARN_64_TO_32_BIT_CONVERSION = YES;
				GCC_WARN_ABOUT_RETURN_TYPE = YES_ERROR;
				GCC_WARN_UNDECLARED_SELECTOR = YES;
				GCC_WARN_UNINITIALIZED_AUTOS = YES_AGGRESSIVE;
				GCC_WARN_UNUSED_FUNCTION = YES;
				GCC_WARN_UNUSED_VARIABLE = YES;
				IPHONEOS_DEPLOYMENT_TARGET = 17.5;
				LOCALIZATION_PREFERS_STRING_CATALOGS = YES;
				MTL_ENABLE_DEBUG_INFO = INCLUDE_SOURCE;
				MTL_FAST_MATH = YES;
				ONLY_ACTIVE_ARCH = YES;
				SDKROOT = iphoneos;
				SWIFT_ACTIVE_COMPILATION_CONDITIONS = "DEBUG $(inherited)";
				SWIFT_OPTIMIZATION_LEVEL = "-Onone";
			};
			name = Debug;
		};
		1AF524472C54D7E400101F87 /* Release */ = {
			isa = XCBuildConfiguration;
			buildSettings = {
				ALWAYS_SEARCH_USER_PATHS = NO;
				ASSETCATALOG_COMPILER_GENERATE_SWIFT_ASSET_SYMBOL_EXTENSIONS = YES;
				CLANG_ANALYZER_NONNULL = YES;
				CLANG_ANALYZER_NUMBER_OBJECT_CONVERSION = YES_AGGRESSIVE;
				CLANG_CXX_LANGUAGE_STANDARD = "gnu++20";
				CLANG_ENABLE_MODULES = YES;
				CLANG_ENABLE_OBJC_ARC = YES;
				CLANG_ENABLE_OBJC_WEAK = YES;
				CLANG_WARN_BLOCK_CAPTURE_AUTORELEASING = YES;
				CLANG_WARN_BOOL_CONVERSION = YES;
				CLANG_WARN_COMMA = YES;
				CLANG_WARN_CONSTANT_CONVERSION = YES;
				CLANG_WARN_DEPRECATED_OBJC_IMPLEMENTATIONS = YES;
				CLANG_WARN_DIRECT_OBJC_ISA_USAGE = YES_ERROR;
				CLANG_WARN_DOCUMENTATION_COMMENTS = YES;
				CLANG_WARN_EMPTY_BODY = YES;
				CLANG_WARN_ENUM_CONVERSION = YES;
				CLANG_WARN_INFINITE_RECURSION = YES;
				CLANG_WARN_INT_CONVERSION = YES;
				CLANG_WARN_NON_LITERAL_NULL_CONVERSION = YES;
				CLANG_WARN_OBJC_IMPLICIT_RETAIN_SELF = YES;
				CLANG_WARN_OBJC_LITERAL_CONVERSION = YES;
				CLANG_WARN_OBJC_ROOT_CLASS = YES_ERROR;
				CLANG_WARN_QUOTED_INCLUDE_IN_FRAMEWORK_HEADER = YES;
				CLANG_WARN_RANGE_LOOP_ANALYSIS = YES;
				CLANG_WARN_STRICT_PROTOTYPES = YES;
				CLANG_WARN_SUSPICIOUS_MOVE = YES;
				CLANG_WARN_UNGUARDED_AVAILABILITY = YES_AGGRESSIVE;
				CLANG_WARN_UNREACHABLE_CODE = YES;
				CLANG_WARN__DUPLICATE_METHOD_MATCH = YES;
				COPY_PHASE_STRIP = NO;
				DEBUG_INFORMATION_FORMAT = "dwarf-with-dsym";
				ENABLE_NS_ASSERTIONS = NO;
				ENABLE_STRICT_OBJC_MSGSEND = YES;
				ENABLE_USER_SCRIPT_SANDBOXING = YES;
				GCC_C_LANGUAGE_STANDARD = gnu17;
				GCC_NO_COMMON_BLOCKS = YES;
				GCC_WARN_64_TO_32_BIT_CONVERSION = YES;
				GCC_WARN_ABOUT_RETURN_TYPE = YES_ERROR;
				GCC_WARN_UNDECLARED_SELECTOR = YES;
				GCC_WARN_UNINITIALIZED_AUTOS = YES_AGGRESSIVE;
				GCC_WARN_UNUSED_FUNCTION = YES;
				GCC_WARN_UNUSED_VARIABLE = YES;
				IPHONEOS_DEPLOYMENT_TARGET = 17.5;
				LOCALIZATION_PREFERS_STRING_CATALOGS = YES;
				MTL_ENABLE_DEBUG_INFO = NO;
				MTL_FAST_MATH = YES;
				SDKROOT = iphoneos;
				SWIFT_COMPILATION_MODE = wholemodule;
				VALIDATE_PRODUCT = YES;
			};
			name = Release;
		};
		1AF524492C54D7E400101F87 /* Debug */ = {
			isa = XCBuildConfiguration;
			buildSettings = {
				ASSETCATALOG_COMPILER_APPICON_NAME = AppIcon;
				ASSETCATALOG_COMPILER_GLOBAL_ACCENT_COLOR_NAME = AccentColor;
				CODE_SIGN_STYLE = Automatic;
				CURRENT_PROJECT_VERSION = 1;
				GENERATE_INFOPLIST_FILE = YES;
				INFOPLIST_FILE = MoverMovieApp/Info.plist;
				INFOPLIST_KEY_UIApplicationSupportsIndirectInputEvents = YES;
				INFOPLIST_KEY_UILaunchStoryboardName = LaunchScreen;
				INFOPLIST_KEY_UIMainStoryboardFile = Main;
				INFOPLIST_KEY_UISupportedInterfaceOrientations_iPad = "UIInterfaceOrientationPortrait UIInterfaceOrientationPortraitUpsideDown UIInterfaceOrientationLandscapeLeft UIInterfaceOrientationLandscapeRight";
				INFOPLIST_KEY_UISupportedInterfaceOrientations_iPhone = "UIInterfaceOrientationPortrait UIInterfaceOrientationLandscapeLeft UIInterfaceOrientationLandscapeRight";
				LD_RUNPATH_SEARCH_PATHS = (
					"$(inherited)",
					"@executable_path/Frameworks",
				);
				MARKETING_VERSION = 1.0;
				PRODUCT_BUNDLE_IDENTIFIER = com.zahraalizada.MoverMovieApp;
				PRODUCT_NAME = "$(TARGET_NAME)";
				SWIFT_EMIT_LOC_STRINGS = YES;
				SWIFT_VERSION = 5.0;
				TARGETED_DEVICE_FAMILY = "1,2";
			};
			name = Debug;
		};
		1AF5244A2C54D7E400101F87 /* Release */ = {
			isa = XCBuildConfiguration;
			buildSettings = {
				ASSETCATALOG_COMPILER_APPICON_NAME = AppIcon;
				ASSETCATALOG_COMPILER_GLOBAL_ACCENT_COLOR_NAME = AccentColor;
				CODE_SIGN_STYLE = Automatic;
				CURRENT_PROJECT_VERSION = 1;
				GENERATE_INFOPLIST_FILE = YES;
				INFOPLIST_FILE = MoverMovieApp/Info.plist;
				INFOPLIST_KEY_UIApplicationSupportsIndirectInputEvents = YES;
				INFOPLIST_KEY_UILaunchStoryboardName = LaunchScreen;
				INFOPLIST_KEY_UIMainStoryboardFile = Main;
				INFOPLIST_KEY_UISupportedInterfaceOrientations_iPad = "UIInterfaceOrientationPortrait UIInterfaceOrientationPortraitUpsideDown UIInterfaceOrientationLandscapeLeft UIInterfaceOrientationLandscapeRight";
				INFOPLIST_KEY_UISupportedInterfaceOrientations_iPhone = "UIInterfaceOrientationPortrait UIInterfaceOrientationLandscapeLeft UIInterfaceOrientationLandscapeRight";
				LD_RUNPATH_SEARCH_PATHS = (
					"$(inherited)",
					"@executable_path/Frameworks",
				);
				MARKETING_VERSION = 1.0;
				PRODUCT_BUNDLE_IDENTIFIER = com.zahraalizada.MoverMovieApp;
				PRODUCT_NAME = "$(TARGET_NAME)";
				SWIFT_EMIT_LOC_STRINGS = YES;
				SWIFT_VERSION = 5.0;
				TARGETED_DEVICE_FAMILY = "1,2";
			};
			name = Release;
		};
/* End XCBuildConfiguration section */

/* Begin XCConfigurationList section */
		1AF5242F2C54D7E100101F87 /* Build configuration list for PBXProject "MoverMovieApp" */ = {
			isa = XCConfigurationList;
			buildConfigurations = (
				1AF524462C54D7E400101F87 /* Debug */,
				1AF524472C54D7E400101F87 /* Release */,
			);
			defaultConfigurationIsVisible = 0;
			defaultConfigurationName = Release;
		};
		1AF524482C54D7E400101F87 /* Build configuration list for PBXNativeTarget "MoverMovieApp" */ = {
			isa = XCConfigurationList;
			buildConfigurations = (
				1AF524492C54D7E400101F87 /* Debug */,
				1AF5244A2C54D7E400101F87 /* Release */,
			);
			defaultConfigurationIsVisible = 0;
			defaultConfigurationName = Release;
		};
/* End XCConfigurationList section */

/* Begin XCRemoteSwiftPackageReference section */
		1A7DA6A22CB52DAE0088E52A /* XCRemoteSwiftPackageReference "firebase-ios-sdk" */ = {
			isa = XCRemoteSwiftPackageReference;
			repositoryURL = "https://github.com/firebase/firebase-ios-sdk";
			requirement = {
				kind = upToNextMajorVersion;
				minimumVersion = 11.3.0;
			};
		};
		1AA79D012C6F6C43009B92DD /* XCRemoteSwiftPackageReference "Alamofire" */ = {
			isa = XCRemoteSwiftPackageReference;
			repositoryURL = "https://github.com/Alamofire/Alamofire.git";
			requirement = {
				kind = upToNextMajorVersion;
				minimumVersion = 5.9.1;
			};
		};
		1AA79D042C6F6C4D009B92DD /* XCRemoteSwiftPackageReference "Kingfisher" */ = {
			isa = XCRemoteSwiftPackageReference;
			repositoryURL = "https://github.com/onevcat/Kingfisher.git";
			requirement = {
				kind = upToNextMajorVersion;
				minimumVersion = 7.12.0;
			};
		};
/* End XCRemoteSwiftPackageReference section */

/* Begin XCSwiftPackageProductDependency section */
		1A7DA6A32CB52DAE0088E52A /* FirebaseAuth */ = {
			isa = XCSwiftPackageProductDependency;
			package = 1A7DA6A22CB52DAE0088E52A /* XCRemoteSwiftPackageReference "firebase-ios-sdk" */;
			productName = FirebaseAuth;
		};
		1A7DA6A52CB52DAE0088E52A /* FirebaseCrashlytics */ = {
			isa = XCSwiftPackageProductDependency;
			package = 1A7DA6A22CB52DAE0088E52A /* XCRemoteSwiftPackageReference "firebase-ios-sdk" */;
			productName = FirebaseCrashlytics;
		};
		1A7DA6A72CB52DAE0088E52A /* FirebaseDatabase */ = {
			isa = XCSwiftPackageProductDependency;
			package = 1A7DA6A22CB52DAE0088E52A /* XCRemoteSwiftPackageReference "firebase-ios-sdk" */;
			productName = FirebaseDatabase;
		};
		1A7DA6A92CB52DAE0088E52A /* FirebaseFirestore */ = {
			isa = XCSwiftPackageProductDependency;
			package = 1A7DA6A22CB52DAE0088E52A /* XCRemoteSwiftPackageReference "firebase-ios-sdk" */;
			productName = FirebaseFirestore;
		};
		1A7DA6AB2CB52DAE0088E52A /* FirebaseStorage */ = {
			isa = XCSwiftPackageProductDependency;
			package = 1A7DA6A22CB52DAE0088E52A /* XCRemoteSwiftPackageReference "firebase-ios-sdk" */;
			productName = FirebaseStorage;
		};
		1AA79D022C6F6C43009B92DD /* Alamofire */ = {
			isa = XCSwiftPackageProductDependency;
			package = 1AA79D012C6F6C43009B92DD /* XCRemoteSwiftPackageReference "Alamofire" */;
			productName = Alamofire;
		};
		1AA79D052C6F6C4D009B92DD /* Kingfisher */ = {
			isa = XCSwiftPackageProductDependency;
			package = 1AA79D042C6F6C4D009B92DD /* XCRemoteSwiftPackageReference "Kingfisher" */;
			productName = Kingfisher;
		};
/* End XCSwiftPackageProductDependency section */
	};
	rootObject = 1AF5242C2C54D7E100101F87 /* Project object */;
}
